{
  "object": {
    "pins": [
      {
        "package": "Rainbow",
        "repositoryURL": "https://github.com/Snowy1803/Rainbow",
        "state": {
          "branch": "master",
          "revision": "c190f5aad55458a6322fcae698b56cdf115d4b8a",
          "version": null
        }
      },
      {
        "package": "swift-argument-parser",
        "repositoryURL": "https://github.com/apple/swift-argument-parser",
        "state": {
          "branch": null,
          "revision": "6b2aa2748a7881eebb9f84fb10c01293e15b52ca",
          "version": "0.5.0"
        }
      }
    ]
  },
  "version": 1
}
